
Microsoft Visual Studio Solution File, Format Version 12.00
# Visual Studio 15
VisualStudioVersion = 15.0.28307.489
MinimumVisualStudioVersion = 10.0.40219.1
Project("{FAE04EC0-301F-11D3-BF4B-00C04F79EFBC}") = "Lands.Android", "Lands\Lands.Android\Lands.Android.csproj", "{EFB5B4A9-56B9-4D64-B005-689E041A1BDC}"
EndProject
Project("{FAE04EC0-301F-11D3-BF4B-00C04F79EFBC}") = "Lands.iOS", "Lands\Lands.iOS\Lands.iOS.csproj", "{72820E30-309C-4BF5-86B7-954C3030B208}"
EndProject
Project("{9A19103F-16F7-4668-BE54-9A1E7A4F7556}") = "Lands", "Lands\Lands\Lands.csproj", "{6BA62BFB-76F1-4ADA-BB11-62E6B7C4B787}"
EndProject
Project("{FAE04EC0-301F-11D3-BF4B-00C04F79EFBC}") = "Lands.Domain", "Lands.Domain\Lands.Domain.csproj", "{83A327C3-D505-4255-AD8E-6E20DED3B25C}"
EndProject
Project("{FAE04EC0-301F-11D3-BF4B-00C04F79EFBC}") = "Lands.API", "Lands.API\Lands.API.csproj", "{64C7AC7C-DC7F-4ABC-B321-321D568D7DA3}"
EndProject
Project("{FAE04EC0-301F-11D3-BF4B-00C04F79EFBC}") = "Lands.Backend", "Lands.Backend\Lands.Backend.csproj", "{AB475E22-AC70-4D83-BAA0-38E897C756AD}"
EndProject
Global
	GlobalSection(SolutionConfigurationPlatforms) = preSolution
		Ad-Hoc|Any CPU = Ad-Hoc|Any CPU
		Ad-Hoc|iPhone = Ad-Hoc|iPhone
		Ad-Hoc|iPhoneSimulator = Ad-Hoc|iPhoneSimulator
		AppStore|Any CPU = AppStore|Any CPU
		AppStore|iPhone = AppStore|iPhone
		AppStore|iPhoneSimulator = AppStore|iPhoneSimulator
		Debug|Any CPU = Debug|Any CPU
		Debug|iPhone = Debug|iPhone
		Debug|iPhoneSimulator = Debug|iPhoneSimulator
		Release|Any CPU = Release|Any CPU
		Release|iPhone = Release|iPhone
		Release|iPhoneSimulator = Release|iPhoneSimulator
	EndGlobalSection
	GlobalSection(ProjectConfigurationPlatforms) = postSolution
		{EFB5B4A9-56B9-4D64-B005-689E041A1BDC}.Ad-Hoc|Any CPU.ActiveCfg = Release|Any CPU
		{EFB5B4A9-56B9-4D64-B005-689E041A1BDC}.Ad-Hoc|Any CPU.Build.0 = Release|Any CPU
		{EFB5B4A9-56B9-4D64-B005-689E041A1BDC}.Ad-Hoc|Any CPU.Deploy.0 = Release|Any CPU
		{EFB5B4A9-56B9-4D64-B005-689E041A1BDC}.Ad-Hoc|iPhone.ActiveCfg = Release|Any CPU
		{EFB5B4A9-56B9-4D64-B005-689E041A1BDC}.Ad-Hoc|iPhone.Build.0 = Release|Any CPU
		{EFB5B4A9-56B9-4D64-B005-689E041A1BDC}.Ad-Hoc|iPhone.Deploy.0 = Release|Any CPU
		{EFB5B4A9-56B9-4D64-B005-689E041A1BDC}.Ad-Hoc|iPhoneSimulator.ActiveCfg = Release|Any CPU
		{EFB5B4A9-56B9-4D64-B005-689E041A1BDC}.Ad-Hoc|iPhoneSimulator.Build.0 = Release|Any CPU
		{EFB5B4A9-56B9-4D64-B005-689E041A1BDC}.Ad-Hoc|iPhoneSimulator.Deploy.0 = Release|Any CPU
		{EFB5B4A9-56B9-4D64-B005-689E041A1BDC}.AppStore|Any CPU.ActiveCfg = Release|Any CPU
		{EFB5B4A9-56B9-4D64-B005-689E041A1BDC}.AppStore|Any CPU.Build.0 = Release|Any CPU
		{EFB5B4A9-56B9-4D64-B005-689E041A1BDC}.AppStore|Any CPU.Deploy.0 = Release|Any CPU
		{EFB5B4A9-56B9-4D64-B005-689E041A1BDC}.AppStore|iPhone.ActiveCfg = Release|Any CPU
		{EFB5B4A9-56B9-4D64-B005-689E041A1BDC}.AppStore|iPhone.Build.0 = Release|Any CPU
		{EFB5B4A9-56B9-4D64-B005-689E041A1BDC}.AppStore|iPhone.Deploy.0 = Release|Any CPU
		{EFB5B4A9-56B9-4D64-B005-689E041A1BDC}.AppStore|iPhoneSimulator.ActiveCfg = Release|Any CPU
		{EFB5B4A9-56B9-4D64-B005-689E041A1BDC}.AppStore|iPhoneSimulator.Build.0 = Release|Any CPU
		{EFB5B4A9-56B9-4D64-B005-689E041A1BDC}.AppStore|iPhoneSimulator.Deploy.0 = Release|Any CPU
		{EFB5B4A9-56B9-4D64-B005-689E041A1BDC}.Debug|Any CPU.ActiveCfg = Debug|Any CPU
		{EFB5B4A9-56B9-4D64-B005-689E041A1BDC}.Debug|Any CPU.Build.0 = Debug|Any CPU
		{EFB5B4A9-56B9-4D64-B005-689E041A1BDC}.Debug|Any CPU.Deploy.0 = Debug|Any CPU
		{EFB5B4A9-56B9-4D64-B005-689E041A1BDC}.Debug|iPhone.ActiveCfg = Debug|Any CPU
		{EFB5B4A9-56B9-4D64-B005-689E041A1BDC}.Debug|iPhone.Build.0 = Debug|Any CPU
		{EFB5B4A9-56B9-4D64-B005-689E041A1BDC}.Debug|iPhone.Deploy.0 = Debug|Any CPU
		{EFB5B4A9-56B9-4D64-B005-689E041A1BDC}.Debug|iPhoneSimulator.ActiveCfg = Debug|Any CPU
		{EFB5B4A9-56B9-4D64-B005-689E041A1BDC}.Debug|iPhoneSimulator.Build.0 = Debug|Any CPU
		{EFB5B4A9-56B9-4D64-B005-689E041A1BDC}.Debug|iPhoneSimulator.Deploy.0 = Debug|Any CPU
		{EFB5B4A9-56B9-4D64-B005-689E041A1BDC}.Release|Any CPU.ActiveCfg = Release|Any CPU
		{EFB5B4A9-56B9-4D64-B005-689E041A1BDC}.Release|Any CPU.Build.0 = Release|Any CPU
		{EFB5B4A9-56B9-4D64-B005-689E041A1BDC}.Release|Any CPU.Deploy.0 = Release|Any CPU
		{EFB5B4A9-56B9-4D64-B005-689E041A1BDC}.Release|iPhone.ActiveCfg = Release|Any CPU
		{EFB5B4A9-56B9-4D64-B005-689E041A1BDC}.Release|iPhone.Build.0 = Release|Any CPU
		{EFB5B4A9-56B9-4D64-B005-689E041A1BDC}.Release|iPhone.Deploy.0 = Release|Any CPU
		{EFB5B4A9-56B9-4D64-B005-689E041A1BDC}.Release|iPhoneSimulator.ActiveCfg = Release|Any CPU
		{EFB5B4A9-56B9-4D64-B005-689E041A1BDC}.Release|iPhoneSimulator.Build.0 = Release|Any CPU
		{EFB5B4A9-56B9-4D64-B005-689E041A1BDC}.Release|iPhoneSimulator.Deploy.0 = Release|Any CPU
		{72820E30-309C-4BF5-86B7-954C3030B208}.Ad-Hoc|Any CPU.ActiveCfg = Ad-Hoc|iPhone
		{72820E30-309C-4BF5-86B7-954C3030B208}.Ad-Hoc|Any CPU.Build.0 = Ad-Hoc|iPhone
		{72820E30-309C-4BF5-86B7-954C3030B208}.Ad-Hoc|Any CPU.Deploy.0 = Ad-Hoc|iPhone
		{72820E30-309C-4BF5-86B7-954C3030B208}.Ad-Hoc|iPhone.ActiveCfg = Ad-Hoc|iPhone
		{72820E30-309C-4BF5-86B7-954C3030B208}.Ad-Hoc|iPhone.Build.0 = Ad-Hoc|iPhone
		{72820E30-309C-4BF5-86B7-954C3030B208}.Ad-Hoc|iPhone.Deploy.0 = Ad-Hoc|iPhone
		{72820E30-309C-4BF5-86B7-954C3030B208}.Ad-Hoc|iPhoneSimulator.ActiveCfg = Ad-Hoc|iPhoneSimulator
		{72820E30-309C-4BF5-86B7-954C3030B208}.Ad-Hoc|iPhoneSimulator.Build.0 = Ad-Hoc|iPhoneSimulator
		{72820E30-309C-4BF5-86B7-954C3030B208}.Ad-Hoc|iPhoneSimulator.Deploy.0 = Ad-Hoc|iPhoneSimulator
		{72820E30-309C-4BF5-86B7-954C3030B208}.AppStore|Any CPU.ActiveCfg = AppStore|iPhone
		{72820E30-309C-4BF5-86B7-954C3030B208}.AppStore|Any CPU.Build.0 = AppStore|iPhone
		{72820E30-309C-4BF5-86B7-954C3030B208}.AppStore|Any CPU.Deploy.0 = AppStore|iPhone
		{72820E30-309C-4BF5-86B7-954C3030B208}.AppStore|iPhone.ActiveCfg = AppStore|iPhone
		{72820E30-309C-4BF5-86B7-954C3030B208}.AppStore|iPhone.Build.0 = AppStore|iPhone
		{72820E30-309C-4BF5-86B7-954C3030B208}.AppStore|iPhone.Deploy.0 = AppStore|iPhone
		{72820E30-309C-4BF5-86B7-954C3030B208}.AppStore|iPhoneSimulator.ActiveCfg = AppStore|iPhoneSimulator
		{72820E30-309C-4BF5-86B7-954C3030B208}.AppStore|iPhoneSimulator.Build.0 = AppStore|iPhoneSimulator
		{72820E30-309C-4BF5-86B7-954C3030B208}.AppStore|iPhoneSimulator.Deploy.0 = AppStore|iPhoneSimulator
		{72820E30-309C-4BF5-86B7-954C3030B208}.Debug|Any CPU.ActiveCfg = Debug|iPhoneSimulator
		{72820E30-309C-4BF5-86B7-954C3030B208}.Debug|Any CPU.Build.0 = Debug|iPhoneSimulator
		{72820E30-309C-4BF5-86B7-954C3030B208}.Debug|Any CPU.Deploy.0 = Debug|iPhoneSimulator
		{72820E30-309C-4BF5-86B7-954C3030B208}.Debug|iPhone.ActiveCfg = Debug|iPhone
		{72820E30-309C-4BF5-86B7-954C3030B208}.Debug|iPhone.Build.0 = Debug|iPhone
		{72820E30-309C-4BF5-86B7-954C3030B208}.Debug|iPhone.Deploy.0 = Debug|iPhone
		{72820E30-309C-4BF5-86B7-954C3030B208}.Debug|iPhoneSimulator.ActiveCfg = Debug|iPhoneSimulator
		{72820E30-309C-4BF5-86B7-954C3030B208}.Debug|iPhoneSimulator.Build.0 = Debug|iPhoneSimulator
		{72820E30-309C-4BF5-86B7-954C3030B208}.Debug|iPhoneSimulator.Deploy.0 = Debug|iPhoneSimulator
		{72820E30-309C-4BF5-86B7-954C3030B208}.Release|Any CPU.ActiveCfg = Release|iPhone
		{72820E30-309C-4BF5-86B7-954C3030B208}.Release|Any CPU.Build.0 = Release|iPhone
		{72820E30-309C-4BF5-86B7-954C3030B208}.Release|Any CPU.Deploy.0 = Release|iPhone
		{72820E30-309C-4BF5-86B7-954C3030B208}.Release|iPhone.ActiveCfg = Release|iPhone
		{72820E30-309C-4BF5-86B7-954C3030B208}.Release|iPhone.Build.0 = Release|iPhone
		{72820E30-309C-4BF5-86B7-954C3030B208}.Release|iPhone.Deploy.0 = Release|iPhone
		{72820E30-309C-4BF5-86B7-954C3030B208}.Release|iPhoneSimulator.ActiveCfg = Release|iPhoneSimulator
		{72820E30-309C-4BF5-86B7-954C3030B208}.Release|iPhoneSimulator.Build.0 = Release|iPhoneSimulator
		{72820E30-309C-4BF5-86B7-954C3030B208}.Release|iPhoneSimulator.Deploy.0 = Release|iPhoneSimulator
		{6BA62BFB-76F1-4ADA-BB11-62E6B7C4B787}.Ad-Hoc|Any CPU.ActiveCfg = Debug|Any CPU
		{6BA62BFB-76F1-4ADA-BB11-62E6B7C4B787}.Ad-Hoc|Any CPU.Build.0 = Debug|Any CPU
		{6BA62BFB-76F1-4ADA-BB11-62E6B7C4B787}.Ad-Hoc|Any CPU.Deploy.0 = Debug|Any CPU
		{6BA62BFB-76F1-4ADA-BB11-62E6B7C4B787}.Ad-Hoc|iPhone.ActiveCfg = Debug|Any CPU
		{6BA62BFB-76F1-4ADA-BB11-62E6B7C4B787}.Ad-Hoc|iPhone.Build.0 = Debug|Any CPU
		{6BA62BFB-76F1-4ADA-BB11-62E6B7C4B787}.Ad-Hoc|iPhone.Deploy.0 = Debug|Any CPU
		{6BA62BFB-76F1-4ADA-BB11-62E6B7C4B787}.Ad-Hoc|iPhoneSimulator.ActiveCfg = Debug|Any CPU
		{6BA62BFB-76F1-4ADA-BB11-62E6B7C4B787}.Ad-Hoc|iPhoneSimulator.Build.0 = Debug|Any CPU
		{6BA62BFB-76F1-4ADA-BB11-62E6B7C4B787}.Ad-Hoc|iPhoneSimulator.Deploy.0 = Debug|Any CPU
		{6BA62BFB-76F1-4ADA-BB11-62E6B7C4B787}.AppStore|Any CPU.ActiveCfg = Debug|Any CPU
		{6BA62BFB-76F1-4ADA-BB11-62E6B7C4B787}.AppStore|Any CPU.Build.0 = Debug|Any CPU
		{6BA62BFB-76F1-4ADA-BB11-62E6B7C4B787}.AppStore|Any CPU.Deploy.0 = Debug|Any CPU
		{6BA62BFB-76F1-4ADA-BB11-62E6B7C4B787}.AppStore|iPhone.ActiveCfg = Debug|Any CPU
		{6BA62BFB-76F1-4ADA-BB11-62E6B7C4B787}.AppStore|iPhone.Build.0 = Debug|Any CPU
		{6BA62BFB-76F1-4ADA-BB11-62E6B7C4B787}.AppStore|iPhone.Deploy.0 = Debug|Any CPU
		{6BA62BFB-76F1-4ADA-BB11-62E6B7C4B787}.AppStore|iPhoneSimulator.ActiveCfg = Debug|Any CPU
		{6BA62BFB-76F1-4ADA-BB11-62E6B7C4B787}.AppStore|iPhoneSimulator.Build.0 = Debug|Any CPU
		{6BA62BFB-76F1-4ADA-BB11-62E6B7C4B787}.AppStore|iPhoneSimulator.Deploy.0 = Debug|Any CPU
		{6BA62BFB-76F1-4ADA-BB11-62E6B7C4B787}.Debug|Any CPU.ActiveCfg = Debug|Any CPU
		{6BA62BFB-76F1-4ADA-BB11-62E6B7C4B787}.Debug|Any CPU.Build.0 = Debug|Any CPU
		{6BA62BFB-76F1-4ADA-BB11-62E6B7C4B787}.Debug|Any CPU.Deploy.0 = Debug|Any CPU
		{6BA62BFB-76F1-4ADA-BB11-62E6B7C4B787}.Debug|iPhone.ActiveCfg = Debug|Any CPU
		{6BA62BFB-76F1-4ADA-BB11-62E6B7C4B787}.Debug|iPhone.Build.0 = Debug|Any CPU
		{6BA62BFB-76F1-4ADA-BB11-62E6B7C4B787}.Debug|iPhone.Deploy.0 = Debug|Any CPU
		{6BA62BFB-76F1-4ADA-BB11-62E6B7C4B787}.Debug|iPhoneSimulator.ActiveCfg = Debug|Any CPU
		{6BA62BFB-76F1-4ADA-BB11-62E6B7C4B787}.Debug|iPhoneSimulator.Build.0 = Debug|Any CPU
		{6BA62BFB-76F1-4ADA-BB11-62E6B7C4B787}.Debug|iPhoneSimulator.Deploy.0 = Debug|Any CPU
		{6BA62BFB-76F1-4ADA-BB11-62E6B7C4B787}.Release|Any CPU.ActiveCfg = Release|Any CPU
		{6BA62BFB-76F1-4ADA-BB11-62E6B7C4B787}.Release|Any CPU.Build.0 = Release|Any CPU
		{6BA62BFB-76F1-4ADA-BB11-62E6B7C4B787}.Release|Any CPU.Deploy.0 = Release|Any CPU
		{6BA62BFB-76F1-4ADA-BB11-62E6B7C4B787}.Release|iPhone.ActiveCfg = Release|Any CPU
		{6BA62BFB-76F1-4ADA-BB11-62E6B7C4B787}.Release|iPhone.Build.0 = Release|Any CPU
		{6BA62BFB-76F1-4ADA-BB11-62E6B7C4B787}.Release|iPhone.Deploy.0 = Release|Any CPU
		{6BA62BFB-76F1-4ADA-BB11-62E6B7C4B787}.Release|iPhoneSimulator.ActiveCfg = Release|Any CPU
		{6BA62BFB-76F1-4ADA-BB11-62E6B7C4B787}.Release|iPhoneSimulator.Build.0 = Release|Any CPU
		{6BA62BFB-76F1-4ADA-BB11-62E6B7C4B787}.Release|iPhoneSimulator.Deploy.0 = Release|Any CPU
		{83A327C3-D505-4255-AD8E-6E20DED3B25C}.Ad-Hoc|Any CPU.ActiveCfg = Release|Any CPU
		{83A327C3-D505-4255-AD8E-6E20DED3B25C}.Ad-Hoc|Any CPU.Build.0 = Release|Any CPU
		{83A327C3-D505-4255-AD8E-6E20DED3B25C}.Ad-Hoc|iPhone.ActiveCfg = Release|Any CPU
		{83A327C3-D505-4255-AD8E-6E20DED3B25C}.Ad-Hoc|iPhone.Build.0 = Release|Any CPU
		{83A327C3-D505-4255-AD8E-6E20DED3B25C}.Ad-Hoc|iPhoneSimulator.ActiveCfg = Release|Any CPU
		{83A327C3-D505-4255-AD8E-6E20DED3B25C}.Ad-Hoc|iPhoneSimulator.Build.0 = Release|Any CPU
		{83A327C3-D505-4255-AD8E-6E20DED3B25C}.AppStore|Any CPU.ActiveCfg = Release|Any CPU
		{83A327C3-D505-4255-AD8E-6E20DED3B25C}.AppStore|Any CPU.Build.0 = Release|Any CPU
		{83A327C3-D505-4255-AD8E-6E20DED3B25C}.AppStore|iPhone.ActiveCfg = Release|Any CPU
		{83A327C3-D505-4255-AD8E-6E20DED3B25C}.AppStore|iPhone.Build.0 = Release|Any CPU
		{83A327C3-D505-4255-AD8E-6E20DED3B25C}.AppStore|iPhoneSimulator.ActiveCfg = Release|Any CPU
		{83A327C3-D505-4255-AD8E-6E20DED3B25C}.AppStore|iPhoneSimulator.Build.0 = Release|Any CPU
		{83A327C3-D505-4255-AD8E-6E20DED3B25C}.Debug|Any CPU.ActiveCfg = Debug|Any CPU
		{83A327C3-D505-4255-AD8E-6E20DED3B25C}.Debug|Any CPU.Build.0 = Debug|Any CPU
		{83A327C3-D505-4255-AD8E-6E20DED3B25C}.Debug|iPhone.ActiveCfg = Debug|Any CPU
		{83A327C3-D505-4255-AD8E-6E20DED3B25C}.Debug|iPhone.Build.0 = Debug|Any CPU
		{83A327C3-D505-4255-AD8E-6E20DED3B25C}.Debug|iPhoneSimulator.ActiveCfg = Debug|Any CPU
		{83A327C3-D505-4255-AD8E-6E20DED3B25C}.Debug|iPhoneSimulator.Build.0 = Debug|Any CPU
		{83A327C3-D505-4255-AD8E-6E20DED3B25C}.Release|Any CPU.ActiveCfg = Release|Any CPU
		{83A327C3-D505-4255-AD8E-6E20DED3B25C}.Release|Any CPU.Build.0 = Release|Any CPU
		{83A327C3-D505-4255-AD8E-6E20DED3B25C}.Release|iPhone.ActiveCfg = Release|Any CPU
		{83A327C3-D505-4255-AD8E-6E20DED3B25C}.Release|iPhone.Build.0 = Release|Any CPU
		{83A327C3-D505-4255-AD8E-6E20DED3B25C}.Release|iPhoneSimulator.ActiveCfg = Release|Any CPU
		{83A327C3-D505-4255-AD8E-6E20DED3B25C}.Release|iPhoneSimulator.Build.0 = Release|Any CPU
		{64C7AC7C-DC7F-4ABC-B321-321D568D7DA3}.Ad-Hoc|Any CPU.ActiveCfg = Release|Any CPU
		{64C7AC7C-DC7F-4ABC-B321-321D568D7DA3}.Ad-Hoc|Any CPU.Build.0 = Release|Any CPU
		{64C7AC7C-DC7F-4ABC-B321-321D568D7DA3}.Ad-Hoc|iPhone.ActiveCfg = Release|Any CPU
		{64C7AC7C-DC7F-4ABC-B321-321D568D7DA3}.Ad-Hoc|iPhone.Build.0 = Release|Any CPU
		{64C7AC7C-DC7F-4ABC-B321-321D568D7DA3}.Ad-Hoc|iPhoneSimulator.ActiveCfg = Release|Any CPU
		{64C7AC7C-DC7F-4ABC-B321-321D568D7DA3}.Ad-Hoc|iPhoneSimulator.Build.0 = Release|Any CPU
		{64C7AC7C-DC7F-4ABC-B321-321D568D7DA3}.AppStore|Any CPU.ActiveCfg = Release|Any CPU
		{64C7AC7C-DC7F-4ABC-B321-321D568D7DA3}.AppStore|Any CPU.Build.0 = Release|Any CPU
		{64C7AC7C-DC7F-4ABC-B321-321D568D7DA3}.AppStore|iPhone.ActiveCfg = Release|Any CPU
		{64C7AC7C-DC7F-4ABC-B321-321D568D7DA3}.AppStore|iPhone.Build.0 = Release|Any CPU
		{64C7AC7C-DC7F-4ABC-B321-321D568D7DA3}.AppStore|iPhoneSimulator.ActiveCfg = Release|Any CPU
		{64C7AC7C-DC7F-4ABC-B321-321D568D7DA3}.AppStore|iPhoneSimulator.Build.0 = Release|Any CPU
		{64C7AC7C-DC7F-4ABC-B321-321D568D7DA3}.Debug|Any CPU.ActiveCfg = Debug|Any CPU
		{64C7AC7C-DC7F-4ABC-B321-321D568D7DA3}.Debug|Any CPU.Build.0 = Debug|Any CPU
		{64C7AC7C-DC7F-4ABC-B321-321D568D7DA3}.Debug|iPhone.ActiveCfg = Debug|Any CPU
		{64C7AC7C-DC7F-4ABC-B321-321D568D7DA3}.Debug|iPhone.Build.0 = Debug|Any CPU
		{64C7AC7C-DC7F-4ABC-B321-321D568D7DA3}.Debug|iPhoneSimulator.ActiveCfg = Debug|Any CPU
		{64C7AC7C-DC7F-4ABC-B321-321D568D7DA3}.Debug|iPhoneSimulator.Build.0 = Debug|Any CPU
		{64C7AC7C-DC7F-4ABC-B321-321D568D7DA3}.Release|Any CPU.ActiveCfg = Release|Any CPU
		{64C7AC7C-DC7F-4ABC-B321-321D568D7DA3}.Release|Any CPU.Build.0 = Release|Any CPU
		{64C7AC7C-DC7F-4ABC-B321-321D568D7DA3}.Release|iPhone.ActiveCfg = Release|Any CPU
		{64C7AC7C-DC7F-4ABC-B321-321D568D7DA3}.Release|iPhone.Build.0 = Release|Any CPU
		{64C7AC7C-DC7F-4ABC-B321-321D568D7DA3}.Release|iPhoneSimulator.ActiveCfg = Release|Any CPU
		{64C7AC7C-DC7F-4ABC-B321-321D568D7DA3}.Release|iPhoneSimulator.Build.0 = Release|Any CPU
		{AB475E22-AC70-4D83-BAA0-38E897C756AD}.Ad-Hoc|Any CPU.ActiveCfg = Release|Any CPU
		{AB475E22-AC70-4D83-BAA0-38E897C756AD}.Ad-Hoc|Any CPU.Build.0 = Release|Any CPU
		{AB475E22-AC70-4D83-BAA0-38E897C756AD}.Ad-Hoc|iPhone.ActiveCfg = Release|Any CPU
		{AB475E22-AC70-4D83-BAA0-38E897C756AD}.Ad-Hoc|iPhone.Build.0 = Release|Any CPU
		{AB475E22-AC70-4D83-BAA0-38E897C756AD}.Ad-Hoc|iPhoneSimulator.ActiveCfg = Release|Any CPU
		{AB475E22-AC70-4D83-BAA0-38E897C756AD}.Ad-Hoc|iPhoneSimulator.Build.0 = Release|Any CPU
		{AB475E22-AC70-4D83-BAA0-38E897C756AD}.AppStore|Any CPU.ActiveCfg = Release|Any CPU
		{AB475E22-AC70-4D83-BAA0-38E897C756AD}.AppStore|Any CPU.Build.0 = Release|Any CPU
		{AB475E22-AC70-4D83-BAA0-38E897C756AD}.AppStore|iPhone.ActiveCfg = Release|Any CPU
		{AB475E22-AC70-4D83-BAA0-38E897C756AD}.AppStore|iPhone.Build.0 = Release|Any CPU
		{AB475E22-AC70-4D83-BAA0-38E897C756AD}.AppStore|iPhoneSimulator.ActiveCfg = Release|Any CPU
		{AB475E22-AC70-4D83-BAA0-38E897C756AD}.AppStore|iPhoneSimulator.Build.0 = Release|Any CPU
		{AB475E22-AC70-4D83-BAA0-38E897C756AD}.Debug|Any CPU.ActiveCfg = Debug|Any CPU
		{AB475E22-AC70-4D83-BAA0-38E897C756AD}.Debug|Any CPU.Build.0 = Debug|Any CPU
		{AB475E22-AC70-4D83-BAA0-38E897C756AD}.Debug|iPhone.ActiveCfg = Debug|Any CPU
		{AB475E22-AC70-4D83-BAA0-38E897C756AD}.Debug|iPhone.Build.0 = Debug|Any CPU
		{AB475E22-AC70-4D83-BAA0-38E897C756AD}.Debug|iPhoneSimulator.ActiveCfg = Debug|Any CPU
		{AB475E22-AC70-4D83-BAA0-38E897C756AD}.Debug|iPhoneSimulator.Build.0 = Debug|Any CPU
		{AB475E22-AC70-4D83-BAA0-38E897C756AD}.Release|Any CPU.ActiveCfg = Release|Any CPU
		{AB475E22-AC70-4D83-BAA0-38E897C756AD}.Release|Any CPU.Build.0 = Release|Any CPU
		{AB475E22-AC70-4D83-BAA0-38E897C756AD}.Release|iPhone.ActiveCfg = Release|Any CPU
		{AB475E22-AC70-4D83-BAA0-38E897C756AD}.Release|iPhone.Build.0 = Release|Any CPU
		{AB475E22-AC70-4D83-BAA0-38E897C756AD}.Release|iPhoneSimulator.ActiveCfg = Release|Any CPU
		{AB475E22-AC70-4D83-BAA0-38E897C756AD}.Release|iPhoneSimulator.Build.0 = Release|Any CPU
	EndGlobalSection
	GlobalSection(SolutionProperties) = preSolution
		HideSolutionNode = FALSE
	EndGlobalSection
	GlobalSection(ExtensibilityGlobals) = postSolution
		SolutionGuid = {BB3A8CA0-86F4-4AA6-99A4-0A9A840E1121}
	EndGlobalSection
EndGlobal
